{
  "name": "kurisu-launcher",
  "version": "1.0.0",
  "lockfileVersion": 3,
  "requires": true,
  "packages": {
    "": {
      "name": "kurisu-launcher",
      "version": "1.0.0",
      "bin": {
        "kurisu-launcher": "start_kurisu.js"
      },
      "devDependencies": {
        "node-packer": "^0.1.7"
      }
    },
    "node_modules/node-packer": {
      "version": "0.1.7",
      "resolved": "https://registry.npmjs.org/node-packer/-/node-packer-0.1.7.tgz",
      "integrity": "sha512-lW+IHunqOCfdKRccZVLGrmbIqR3sPvuAZ/4yF2FdZd6NNvAxAi1VlunBmauSywUKgWJysZcNYELqm1ZT0vgG/Q==",
      "dev": true
    }
  }
}
